
Microsoft Visual Studio Solution File, Format Version 12.00
# Visual Studio Version 16
VisualStudioVersion = 16.0.34031.81
MinimumVisualStudioVersion = 10.0.40219.1
Project("{2150E333-8FDC-42A3-9474-1A3956D46DE8}") = "Task0", "Task0", "{168EA9F6-6B6C-4226-87C6-F71A07E79329}"
EndProject
Project("{FAE04EC0-301F-11D3-BF4B-00C04F79EFBC}") = "Tyuiu.TolstykhVS.Sprint0.Task0.V0", "Tyuiu.TolstykhVS.Sprint0.Task0.V0\Tyuiu.TolstykhVS.Sprint0.Task0.V0.csproj", "{B0F2D352-5E4F-41C6-A0A1-B42AE1934F19}"
EndProject
Project("{2150E333-8FDC-42A3-9474-1A3956D46DE8}") = "Task1", "Task1", "{CED2F63F-0FED-4F26-85B2-19D907D2CF33}"
EndProject
Project("{FAE04EC0-301F-11D3-BF4B-00C04F79EFBC}") = "Tyuiu.TolsykhVS.Sprint0.Task1.V0", "Tyuiu.TolsykhVS.Sprint0.Task1.V0\Tyuiu.TolsykhVS.Sprint0.Task1.V0.csproj", "{F136861D-F427-435C-B0C9-4A11C887AD51}"
EndProject
Project("{2150E333-8FDC-42A3-9474-1A3956D46DE8}") = "Task2", "Task2", "{684D5C46-3C08-43FE-A00B-008A0D91C06C}"
EndProject
Project("{FAE04EC0-301F-11D3-BF4B-00C04F79EFBC}") = "Tyuiu.TolstykhVS.Sprint0.Task2.V0", "Tyuiu.TolstykhVS.Sprint0.Task2.V0\Tyuiu.TolstykhVS.Sprint0.Task2.V0.csproj", "{6D8DDBAF-FEDA-4F29-BA52-EF1ECC3C1715}"
EndProject
Project("{FAE04EC0-301F-11D3-BF4B-00C04F79EFBC}") = "Tyuiu.TolstykhVS.Sprint0.Task2.V0.Lib", "Tyuiu.TolstykhVS.Sprint0.Task2.V0.Lib\Tyuiu.TolstykhVS.Sprint0.Task2.V0.Lib.csproj", "{21A9D633-CF30-414F-B60F-60849595B926}"
EndProject
Project("{FAE04EC0-301F-11D3-BF4B-00C04F79EFBC}") = "Tyuiu.TolstykhVS.Sprint0.Task2.V0.Test", "Tyuiu.TolstykhVS.Sprint0.Task2.V0.Test\Tyuiu.TolstykhVS.Sprint0.Task2.V0.Test.csproj", "{8EC83156-2A77-4A09-BC24-7EFCC3E8D936}"
EndProject
Project("{2150E333-8FDC-42A3-9474-1A3956D46DE8}") = "Task3", "Task3", "{AE1799AA-1F47-4C6F-93C2-DFA41590E628}"
EndProject
Project("{FAE04EC0-301F-11D3-BF4B-00C04F79EFBC}") = "Tyuiu.TolstykhVS.Sprint0.Task3.Lib", "Tyuiu.TolstykhVS.Sprint0.Task3.Lib\Tyuiu.TolstykhVS.Sprint0.Task3.Lib.csproj", "{35830D8E-AFCE-407C-8E8F-CDFCDAB8244E}"
EndProject
Project("{FAE04EC0-301F-11D3-BF4B-00C04F79EFBC}") = "Tyuiu.TolstykhVS.Sprint0.Task3.Test", "Tyuiu.TolstykhVS.Sprint0.Task3.Test\Tyuiu.TolstykhVS.Sprint0.Task3.Test.csproj", "{353D158B-33CA-495F-B73A-921505B09A06}"
EndProject
Project("{FAE04EC0-301F-11D3-BF4B-00C04F79EFBC}") = "Tyuiu.TolstykhVS.Sprint0.Task3.V0", "Tyuiu.TolstykhVS.Sprint0.Task3.V0\Tyuiu.TolstykhVS.Sprint0.Task3.V0.csproj", "{9731EEB4-6019-4089-8445-F7DA3601167A}"
EndProject
Project("{2150E333-8FDC-42A3-9474-1A3956D46DE8}") = "Task4", "Task4", "{5959305D-9CB5-42EF-9C33-C54CC5A949E4}"
EndProject
Project("{FAE04EC0-301F-11D3-BF4B-00C04F79EFBC}") = "Tyuiu.TolstykhVS.Sprint0.Task4.V0", "Tyuiu.TolstykhVS.Sprint0.Task4.V0\Tyuiu.TolstykhVS.Sprint0.Task4.V0.csproj", "{F64C7E9C-2587-4B75-84E8-F653345BDADC}"
EndProject
Project("{FAE04EC0-301F-11D3-BF4B-00C04F79EFBC}") = "Tyuiu.TolstykhVS.Sprint0.Task4.Test", "Tyuiu.TolstykhVS.Sprint0.Task4.Test\Tyuiu.TolstykhVS.Sprint0.Task4.Test.csproj", "{413A3D66-92DA-4097-BF69-992C391A9377}"
EndProject
Project("{FAE04EC0-301F-11D3-BF4B-00C04F79EFBC}") = "Tyuiu.TolstykhVS.Sprint0.Task4.Lib", "ClassLibrary1Tyuiu.TolstykhVS.Sprint0.Task4.Lib\Tyuiu.TolstykhVS.Sprint0.Task4.Lib.csproj", "{674D6629-0646-483A-840B-02406A5AC499}"
EndProject
Project("{2150E333-8FDC-42A3-9474-1A3956D46DE8}") = "Task5", "Task5", "{37D0921B-377B-44C1-BF18-C6BA0B7D0DB0}"
EndProject
Project("{FAE04EC0-301F-11D3-BF4B-00C04F79EFBC}") = "Tyuiu.TolstykhVS.Sprint0.Task5.Lib", "Tyuiu.TolstykhVS.Sprint0.Task5.Lib\Tyuiu.TolstykhVS.Sprint0.Task5.Lib.csproj", "{2B66001F-EACF-4F88-AABB-A7782F088658}"
EndProject
Project("{FAE04EC0-301F-11D3-BF4B-00C04F79EFBC}") = "Tyuiu.TolstykhVS.Sprint0.Task5.Test", "Tyuiu.TolstykhVS.Sprint0.Task5.Test\Tyuiu.TolstykhVS.Sprint0.Task5.Test.csproj", "{D988E214-64CA-4C5C-A4BD-52DFF98EAD2E}"
EndProject
Project("{FAE04EC0-301F-11D3-BF4B-00C04F79EFBC}") = "Tyuiu.TolstykhVS.Sprint0.Task5.Vo", "Tyuiu.TolstykhVS.Sprint0.Task5.Vo\Tyuiu.TolstykhVS.Sprint0.Task5.Vo.csproj", "{D76A60FF-59D6-41A8-B892-AA259D3092BF}"
EndProject
Project("{2150E333-8FDC-42A3-9474-1A3956D46DE8}") = "Task6", "Task6", "{7B2791C8-38E6-48C5-B3E5-E914E28C53EE}"
EndProject
Project("{FAE04EC0-301F-11D3-BF4B-00C04F79EFBC}") = "Tyuiu.TolstykhVS.Sprint0.Task6.V0", "Tyuiu.TolstykhVS.Sprint0.Task6.V0\Tyuiu.TolstykhVS.Sprint0.Task6.V0.csproj", "{1605AAAE-FC25-493A-86D5-22054D0E365A}"
EndProject
Project("{FAE04EC0-301F-11D3-BF4B-00C04F79EFBC}") = "Tyuiu.TolstykhVS.Sprint0.Task6.Test", "Tyuiu.TolstykhVS.Sprint0.Task6.Test\Tyuiu.TolstykhVS.Sprint0.Task6.Test.csproj", "{EB96181F-B21B-495C-AC47-D6A5AC030FF9}"
EndProject
Project("{FAE04EC0-301F-11D3-BF4B-00C04F79EFBC}") = "Tyuiu.TolstykhVS.Sprint0.Task6.Lib", "Tyuiu.TolstykhVS.Sprint0.Task6.Lib\Tyuiu.TolstykhVS.Sprint0.Task6.Lib.csproj", "{17F6D8B8-BAC9-4097-B2FA-66D5D1574C46}"
EndProject
Project("{2150E333-8FDC-42A3-9474-1A3956D46DE8}") = "Task7", "Task7", "{B9197BA8-26EF-44B4-8192-BC8083B04EC4}"
EndProject
Project("{FAE04EC0-301F-11D3-BF4B-00C04F79EFBC}") = "Tyuiu.TolstykhVS.Sprint0.Task7.Lib", "Tyuiu.TolstykhVS.Sprint0.Task7.Lib\Tyuiu.TolstykhVS.Sprint0.Task7.Lib.csproj", "{080F47B2-E404-46A9-9037-6A09A3C2503F}"
EndProject
Project("{FAE04EC0-301F-11D3-BF4B-00C04F79EFBC}") = "Tyuiu.TolstykhVS.Sprint0.Task7.Test", "Tyuiu.TolstykhVS.Sprint0.Task7.Test\Tyuiu.TolstykhVS.Sprint0.Task7.Test.csproj", "{8F2148C5-7C0C-4ED7-8E27-2CE79665B9A0}"
EndProject
Project("{FAE04EC0-301F-11D3-BF4B-00C04F79EFBC}") = "Tyuiu.TolstykhVS.Sprint0.Task7.V0", "Tyuiu.TolstykhVS.Sprint0.Task7.V0\Tyuiu.TolstykhVS.Sprint0.Task7.V0.csproj", "{4AF65A85-0B2B-4929-B360-37FE5B39006A}"
EndProject
Global
	GlobalSection(SolutionConfigurationPlatforms) = preSolution
		Debug|Any CPU = Debug|Any CPU
		Release|Any CPU = Release|Any CPU
	EndGlobalSection
	GlobalSection(ProjectConfigurationPlatforms) = postSolution
		{B0F2D352-5E4F-41C6-A0A1-B42AE1934F19}.Debug|Any CPU.ActiveCfg = Debug|Any CPU
		{B0F2D352-5E4F-41C6-A0A1-B42AE1934F19}.Debug|Any CPU.Build.0 = Debug|Any CPU
		{B0F2D352-5E4F-41C6-A0A1-B42AE1934F19}.Release|Any CPU.ActiveCfg = Release|Any CPU
		{B0F2D352-5E4F-41C6-A0A1-B42AE1934F19}.Release|Any CPU.Build.0 = Release|Any CPU
		{F136861D-F427-435C-B0C9-4A11C887AD51}.Debug|Any CPU.ActiveCfg = Debug|Any CPU
		{F136861D-F427-435C-B0C9-4A11C887AD51}.Debug|Any CPU.Build.0 = Debug|Any CPU
		{F136861D-F427-435C-B0C9-4A11C887AD51}.Release|Any CPU.ActiveCfg = Release|Any CPU
		{F136861D-F427-435C-B0C9-4A11C887AD51}.Release|Any CPU.Build.0 = Release|Any CPU
		{6D8DDBAF-FEDA-4F29-BA52-EF1ECC3C1715}.Debug|Any CPU.ActiveCfg = Debug|Any CPU
		{6D8DDBAF-FEDA-4F29-BA52-EF1ECC3C1715}.Debug|Any CPU.Build.0 = Debug|Any CPU
		{6D8DDBAF-FEDA-4F29-BA52-EF1ECC3C1715}.Release|Any CPU.ActiveCfg = Release|Any CPU
		{6D8DDBAF-FEDA-4F29-BA52-EF1ECC3C1715}.Release|Any CPU.Build.0 = Release|Any CPU
		{21A9D633-CF30-414F-B60F-60849595B926}.Debug|Any CPU.ActiveCfg = Debug|Any CPU
		{21A9D633-CF30-414F-B60F-60849595B926}.Debug|Any CPU.Build.0 = Debug|Any CPU
		{21A9D633-CF30-414F-B60F-60849595B926}.Release|Any CPU.ActiveCfg = Release|Any CPU
		{21A9D633-CF30-414F-B60F-60849595B926}.Release|Any CPU.Build.0 = Release|Any CPU
		{8EC83156-2A77-4A09-BC24-7EFCC3E8D936}.Debug|Any CPU.ActiveCfg = Debug|Any CPU
		{8EC83156-2A77-4A09-BC24-7EFCC3E8D936}.Debug|Any CPU.Build.0 = Debug|Any CPU
		{8EC83156-2A77-4A09-BC24-7EFCC3E8D936}.Release|Any CPU.ActiveCfg = Release|Any CPU
		{8EC83156-2A77-4A09-BC24-7EFCC3E8D936}.Release|Any CPU.Build.0 = Release|Any CPU
		{35830D8E-AFCE-407C-8E8F-CDFCDAB8244E}.Debug|Any CPU.ActiveCfg = Debug|Any CPU
		{35830D8E-AFCE-407C-8E8F-CDFCDAB8244E}.Debug|Any CPU.Build.0 = Debug|Any CPU
		{35830D8E-AFCE-407C-8E8F-CDFCDAB8244E}.Release|Any CPU.ActiveCfg = Release|Any CPU
		{35830D8E-AFCE-407C-8E8F-CDFCDAB8244E}.Release|Any CPU.Build.0 = Release|Any CPU
		{353D158B-33CA-495F-B73A-921505B09A06}.Debug|Any CPU.ActiveCfg = Debug|Any CPU
		{353D158B-33CA-495F-B73A-921505B09A06}.Debug|Any CPU.Build.0 = Debug|Any CPU
		{353D158B-33CA-495F-B73A-921505B09A06}.Release|Any CPU.ActiveCfg = Release|Any CPU
		{353D158B-33CA-495F-B73A-921505B09A06}.Release|Any CPU.Build.0 = Release|Any CPU
		{9731EEB4-6019-4089-8445-F7DA3601167A}.Debug|Any CPU.ActiveCfg = Debug|Any CPU
		{9731EEB4-6019-4089-8445-F7DA3601167A}.Debug|Any CPU.Build.0 = Debug|Any CPU
		{9731EEB4-6019-4089-8445-F7DA3601167A}.Release|Any CPU.ActiveCfg = Release|Any CPU
		{9731EEB4-6019-4089-8445-F7DA3601167A}.Release|Any CPU.Build.0 = Release|Any CPU
		{F64C7E9C-2587-4B75-84E8-F653345BDADC}.Debug|Any CPU.ActiveCfg = Debug|Any CPU
		{F64C7E9C-2587-4B75-84E8-F653345BDADC}.Debug|Any CPU.Build.0 = Debug|Any CPU
		{F64C7E9C-2587-4B75-84E8-F653345BDADC}.Release|Any CPU.ActiveCfg = Release|Any CPU
		{F64C7E9C-2587-4B75-84E8-F653345BDADC}.Release|Any CPU.Build.0 = Release|Any CPU
		{413A3D66-92DA-4097-BF69-992C391A9377}.Debug|Any CPU.ActiveCfg = Debug|Any CPU
		{413A3D66-92DA-4097-BF69-992C391A9377}.Debug|Any CPU.Build.0 = Debug|Any CPU
		{413A3D66-92DA-4097-BF69-992C391A9377}.Release|Any CPU.ActiveCfg = Release|Any CPU
		{413A3D66-92DA-4097-BF69-992C391A9377}.Release|Any CPU.Build.0 = Release|Any CPU
		{674D6629-0646-483A-840B-02406A5AC499}.Debug|Any CPU.ActiveCfg = Debug|Any CPU
		{674D6629-0646-483A-840B-02406A5AC499}.Debug|Any CPU.Build.0 = Debug|Any CPU
		{674D6629-0646-483A-840B-02406A5AC499}.Release|Any CPU.ActiveCfg = Release|Any CPU
		{674D6629-0646-483A-840B-02406A5AC499}.Release|Any CPU.Build.0 = Release|Any CPU
		{2B66001F-EACF-4F88-AABB-A7782F088658}.Debug|Any CPU.ActiveCfg = Debug|Any CPU
		{2B66001F-EACF-4F88-AABB-A7782F088658}.Debug|Any CPU.Build.0 = Debug|Any CPU
		{2B66001F-EACF-4F88-AABB-A7782F088658}.Release|Any CPU.ActiveCfg = Release|Any CPU
		{2B66001F-EACF-4F88-AABB-A7782F088658}.Release|Any CPU.Build.0 = Release|Any CPU
		{D988E214-64CA-4C5C-A4BD-52DFF98EAD2E}.Debug|Any CPU.ActiveCfg = Debug|Any CPU
		{D988E214-64CA-4C5C-A4BD-52DFF98EAD2E}.Debug|Any CPU.Build.0 = Debug|Any CPU
		{D988E214-64CA-4C5C-A4BD-52DFF98EAD2E}.Release|Any CPU.ActiveCfg = Release|Any CPU
		{D988E214-64CA-4C5C-A4BD-52DFF98EAD2E}.Release|Any CPU.Build.0 = Release|Any CPU
		{D76A60FF-59D6-41A8-B892-AA259D3092BF}.Debug|Any CPU.ActiveCfg = Debug|Any CPU
		{D76A60FF-59D6-41A8-B892-AA259D3092BF}.Debug|Any CPU.Build.0 = Debug|Any CPU
		{D76A60FF-59D6-41A8-B892-AA259D3092BF}.Release|Any CPU.ActiveCfg = Release|Any CPU
		{D76A60FF-59D6-41A8-B892-AA259D3092BF}.Release|Any CPU.Build.0 = Release|Any CPU
		{1605AAAE-FC25-493A-86D5-22054D0E365A}.Debug|Any CPU.ActiveCfg = Debug|Any CPU
		{1605AAAE-FC25-493A-86D5-22054D0E365A}.Debug|Any CPU.Build.0 = Debug|Any CPU
		{1605AAAE-FC25-493A-86D5-22054D0E365A}.Release|Any CPU.ActiveCfg = Release|Any CPU
		{1605AAAE-FC25-493A-86D5-22054D0E365A}.Release|Any CPU.Build.0 = Release|Any CPU
		{EB96181F-B21B-495C-AC47-D6A5AC030FF9}.Debug|Any CPU.ActiveCfg = Debug|Any CPU
		{EB96181F-B21B-495C-AC47-D6A5AC030FF9}.Debug|Any CPU.Build.0 = Debug|Any CPU
		{EB96181F-B21B-495C-AC47-D6A5AC030FF9}.Release|Any CPU.ActiveCfg = Release|Any CPU
		{EB96181F-B21B-495C-AC47-D6A5AC030FF9}.Release|Any CPU.Build.0 = Release|Any CPU
		{17F6D8B8-BAC9-4097-B2FA-66D5D1574C46}.Debug|Any CPU.ActiveCfg = Debug|Any CPU
		{17F6D8B8-BAC9-4097-B2FA-66D5D1574C46}.Debug|Any CPU.Build.0 = Debug|Any CPU
		{17F6D8B8-BAC9-4097-B2FA-66D5D1574C46}.Release|Any CPU.ActiveCfg = Release|Any CPU
		{17F6D8B8-BAC9-4097-B2FA-66D5D1574C46}.Release|Any CPU.Build.0 = Release|Any CPU
		{080F47B2-E404-46A9-9037-6A09A3C2503F}.Debug|Any CPU.ActiveCfg = Debug|Any CPU
		{080F47B2-E404-46A9-9037-6A09A3C2503F}.Debug|Any CPU.Build.0 = Debug|Any CPU
		{080F47B2-E404-46A9-9037-6A09A3C2503F}.Release|Any CPU.ActiveCfg = Release|Any CPU
		{080F47B2-E404-46A9-9037-6A09A3C2503F}.Release|Any CPU.Build.0 = Release|Any CPU
		{8F2148C5-7C0C-4ED7-8E27-2CE79665B9A0}.Debug|Any CPU.ActiveCfg = Debug|Any CPU
		{8F2148C5-7C0C-4ED7-8E27-2CE79665B9A0}.Debug|Any CPU.Build.0 = Debug|Any CPU
		{8F2148C5-7C0C-4ED7-8E27-2CE79665B9A0}.Release|Any CPU.ActiveCfg = Release|Any CPU
		{8F2148C5-7C0C-4ED7-8E27-2CE79665B9A0}.Release|Any CPU.Build.0 = Release|Any CPU
		{4AF65A85-0B2B-4929-B360-37FE5B39006A}.Debug|Any CPU.ActiveCfg = Debug|Any CPU
		{4AF65A85-0B2B-4929-B360-37FE5B39006A}.Debug|Any CPU.Build.0 = Debug|Any CPU
		{4AF65A85-0B2B-4929-B360-37FE5B39006A}.Release|Any CPU.ActiveCfg = Release|Any CPU
		{4AF65A85-0B2B-4929-B360-37FE5B39006A}.Release|Any CPU.Build.0 = Release|Any CPU
	EndGlobalSection
	GlobalSection(SolutionProperties) = preSolution
		HideSolutionNode = FALSE
	EndGlobalSection
	GlobalSection(NestedProjects) = preSolution
		{B0F2D352-5E4F-41C6-A0A1-B42AE1934F19} = {168EA9F6-6B6C-4226-87C6-F71A07E79329}
		{F136861D-F427-435C-B0C9-4A11C887AD51} = {CED2F63F-0FED-4F26-85B2-19D907D2CF33}
		{6D8DDBAF-FEDA-4F29-BA52-EF1ECC3C1715} = {684D5C46-3C08-43FE-A00B-008A0D91C06C}
		{21A9D633-CF30-414F-B60F-60849595B926} = {684D5C46-3C08-43FE-A00B-008A0D91C06C}
		{8EC83156-2A77-4A09-BC24-7EFCC3E8D936} = {684D5C46-3C08-43FE-A00B-008A0D91C06C}
		{35830D8E-AFCE-407C-8E8F-CDFCDAB8244E} = {AE1799AA-1F47-4C6F-93C2-DFA41590E628}
		{353D158B-33CA-495F-B73A-921505B09A06} = {AE1799AA-1F47-4C6F-93C2-DFA41590E628}
		{9731EEB4-6019-4089-8445-F7DA3601167A} = {AE1799AA-1F47-4C6F-93C2-DFA41590E628}
		{F64C7E9C-2587-4B75-84E8-F653345BDADC} = {5959305D-9CB5-42EF-9C33-C54CC5A949E4}
		{413A3D66-92DA-4097-BF69-992C391A9377} = {5959305D-9CB5-42EF-9C33-C54CC5A949E4}
		{674D6629-0646-483A-840B-02406A5AC499} = {5959305D-9CB5-42EF-9C33-C54CC5A949E4}
		{2B66001F-EACF-4F88-AABB-A7782F088658} = {37D0921B-377B-44C1-BF18-C6BA0B7D0DB0}
		{D988E214-64CA-4C5C-A4BD-52DFF98EAD2E} = {37D0921B-377B-44C1-BF18-C6BA0B7D0DB0}
		{D76A60FF-59D6-41A8-B892-AA259D3092BF} = {37D0921B-377B-44C1-BF18-C6BA0B7D0DB0}
		{1605AAAE-FC25-493A-86D5-22054D0E365A} = {7B2791C8-38E6-48C5-B3E5-E914E28C53EE}
		{EB96181F-B21B-495C-AC47-D6A5AC030FF9} = {7B2791C8-38E6-48C5-B3E5-E914E28C53EE}
		{17F6D8B8-BAC9-4097-B2FA-66D5D1574C46} = {7B2791C8-38E6-48C5-B3E5-E914E28C53EE}
		{080F47B2-E404-46A9-9037-6A09A3C2503F} = {B9197BA8-26EF-44B4-8192-BC8083B04EC4}
		{8F2148C5-7C0C-4ED7-8E27-2CE79665B9A0} = {B9197BA8-26EF-44B4-8192-BC8083B04EC4}
		{4AF65A85-0B2B-4929-B360-37FE5B39006A} = {B9197BA8-26EF-44B4-8192-BC8083B04EC4}
	EndGlobalSection
	GlobalSection(ExtensibilityGlobals) = postSolution
		SolutionGuid = {095B9863-82C4-40E9-9ED0-C830BCAA6345}
	EndGlobalSection
EndGlobal
